
Microsoft Visual Studio Solution File, Format Version 12.00
# Visual Studio Version 16
VisualStudioVersion = 16.0.31424.327
MinimumVisualStudioVersion = 10.0.40219.1
Project("{9A19103F-16F7-4668-BE54-9A1E7A4F7556}") = "fattestSecret.Api", "fattestSecret.Api.csproj", "{1FA0F7C9-02EE-47FA-9BF7-E35A7CD508C1}"
EndProject
Project("{9A19103F-16F7-4668-BE54-9A1E7A4F7556}") = "fattestSecret.Users", "..\fattestSecret.Users\fattestSecret.Users.csproj", "{F202A511-1C7F-49F4-934B-B91E81DA575F}"
EndProject
Project("{9A19103F-16F7-4668-BE54-9A1E7A4F7556}") = "fattestSecret.Products", "..\fattestSecret.Products\fattestSecret.Products.csproj", "{45A78DC8-3858-4FD4-8248-34F915ECBEEB}"
EndProject
Project("{9A19103F-16F7-4668-BE54-9A1E7A4F7556}") = "fattestSecret.Repositories", "..\fattestSecret.Repositories\fattestSecret.Repositories.csproj", "{BCD532A9-D4C5-4EDF-A255-12AF91995544}"
EndProject
Project("{9A19103F-16F7-4668-BE54-9A1E7A4F7556}") = "fattestSecret.Core", "..\fattestSecret.Core\fattestSecret.Core.csproj", "{D53D9C74-6E28-4904-8D45-8B54EEF6EB62}"
EndProject
Project("{00D1A9C2-B5F0-4AF3-8072-F6C62B433612}") = "fattestSecret.Database", "..\fattestSecret.Database\fattestSecret.Database.sqlproj", "{B3905F57-851F-46FA-912C-1A23A9B5A35F}"
EndProject
Global
	GlobalSection(SolutionConfigurationPlatforms) = preSolution
		Debug|Any CPU = Debug|Any CPU
		Release|Any CPU = Release|Any CPU
	EndGlobalSection
	GlobalSection(ProjectConfigurationPlatforms) = postSolution
		{1FA0F7C9-02EE-47FA-9BF7-E35A7CD508C1}.Debug|Any CPU.ActiveCfg = Debug|Any CPU
		{1FA0F7C9-02EE-47FA-9BF7-E35A7CD508C1}.Debug|Any CPU.Build.0 = Debug|Any CPU
		{1FA0F7C9-02EE-47FA-9BF7-E35A7CD508C1}.Release|Any CPU.ActiveCfg = Release|Any CPU
		{1FA0F7C9-02EE-47FA-9BF7-E35A7CD508C1}.Release|Any CPU.Build.0 = Release|Any CPU
		{F202A511-1C7F-49F4-934B-B91E81DA575F}.Debug|Any CPU.ActiveCfg = Debug|Any CPU
		{F202A511-1C7F-49F4-934B-B91E81DA575F}.Debug|Any CPU.Build.0 = Debug|Any CPU
		{F202A511-1C7F-49F4-934B-B91E81DA575F}.Release|Any CPU.ActiveCfg = Release|Any CPU
		{F202A511-1C7F-49F4-934B-B91E81DA575F}.Release|Any CPU.Build.0 = Release|Any CPU
		{45A78DC8-3858-4FD4-8248-34F915ECBEEB}.Debug|Any CPU.ActiveCfg = Debug|Any CPU
		{45A78DC8-3858-4FD4-8248-34F915ECBEEB}.Debug|Any CPU.Build.0 = Debug|Any CPU
		{45A78DC8-3858-4FD4-8248-34F915ECBEEB}.Release|Any CPU.ActiveCfg = Release|Any CPU
		{45A78DC8-3858-4FD4-8248-34F915ECBEEB}.Release|Any CPU.Build.0 = Release|Any CPU
		{BCD532A9-D4C5-4EDF-A255-12AF91995544}.Debug|Any CPU.ActiveCfg = Debug|Any CPU
		{BCD532A9-D4C5-4EDF-A255-12AF91995544}.Debug|Any CPU.Build.0 = Debug|Any CPU
		{BCD532A9-D4C5-4EDF-A255-12AF91995544}.Release|Any CPU.ActiveCfg = Release|Any CPU
		{BCD532A9-D4C5-4EDF-A255-12AF91995544}.Release|Any CPU.Build.0 = Release|Any CPU
		{D53D9C74-6E28-4904-8D45-8B54EEF6EB62}.Debug|Any CPU.ActiveCfg = Debug|Any CPU
		{D53D9C74-6E28-4904-8D45-8B54EEF6EB62}.Debug|Any CPU.Build.0 = Debug|Any CPU
		{D53D9C74-6E28-4904-8D45-8B54EEF6EB62}.Release|Any CPU.ActiveCfg = Release|Any CPU
		{D53D9C74-6E28-4904-8D45-8B54EEF6EB62}.Release|Any CPU.Build.0 = Release|Any CPU
		{B3905F57-851F-46FA-912C-1A23A9B5A35F}.Debug|Any CPU.ActiveCfg = Debug|Any CPU
		{B3905F57-851F-46FA-912C-1A23A9B5A35F}.Debug|Any CPU.Build.0 = Debug|Any CPU
		{B3905F57-851F-46FA-912C-1A23A9B5A35F}.Debug|Any CPU.Deploy.0 = Debug|Any CPU
		{B3905F57-851F-46FA-912C-1A23A9B5A35F}.Release|Any CPU.ActiveCfg = Release|Any CPU
		{B3905F57-851F-46FA-912C-1A23A9B5A35F}.Release|Any CPU.Build.0 = Release|Any CPU
		{B3905F57-851F-46FA-912C-1A23A9B5A35F}.Release|Any CPU.Deploy.0 = Release|Any CPU
	EndGlobalSection
	GlobalSection(SolutionProperties) = preSolution
		HideSolutionNode = FALSE
	EndGlobalSection
	GlobalSection(ExtensibilityGlobals) = postSolution
		SolutionGuid = {DACB5529-C86B-4109-9E94-FE929E37A054}
	EndGlobalSection
EndGlobal
