
Microsoft Visual Studio Solution File, Format Version 12.00
# Visual Studio Version 16
VisualStudioVersion = 16.0.31424.327
MinimumVisualStudioVersion = 10.0.40219.1
Project("{FAE04EC0-301F-11D3-BF4B-00C04F79EFBC}") = "fattestSecret.Api", "fattestSecret.Api.csproj", "{1FA0F7C9-02EE-47FA-9BF7-E35A7CD508C1}"
EndProject
Project("{FAE04EC0-301F-11D3-BF4B-00C04F79EFBC}") = "fattestSecret.Users", "..\fattestSecret.Users\fattestSecret.Users.csproj", "{F202A511-1C7F-49F4-934B-B91E81DA575F}"
EndProject
Project("{FAE04EC0-301F-11D3-BF4B-00C04F79EFBC}") = "fattestSecret.Food", "..\fattestSecret.Food\fattestSecret.Food.csproj", "{6B4BE90B-1995-407D-B237-7208551D9A89}"
EndProject
Global
	GlobalSection(SolutionConfigurationPlatforms) = preSolution
		Debug|Any CPU = Debug|Any CPU
		Release|Any CPU = Release|Any CPU
	EndGlobalSection
	GlobalSection(ProjectConfigurationPlatforms) = postSolution
		{1FA0F7C9-02EE-47FA-9BF7-E35A7CD508C1}.Debug|Any CPU.ActiveCfg = Debug|Any CPU
		{1FA0F7C9-02EE-47FA-9BF7-E35A7CD508C1}.Debug|Any CPU.Build.0 = Debug|Any CPU
		{1FA0F7C9-02EE-47FA-9BF7-E35A7CD508C1}.Release|Any CPU.ActiveCfg = Release|Any CPU
		{1FA0F7C9-02EE-47FA-9BF7-E35A7CD508C1}.Release|Any CPU.Build.0 = Release|Any CPU
		{F202A511-1C7F-49F4-934B-B91E81DA575F}.Debug|Any CPU.ActiveCfg = Debug|Any CPU
		{F202A511-1C7F-49F4-934B-B91E81DA575F}.Debug|Any CPU.Build.0 = Debug|Any CPU
		{F202A511-1C7F-49F4-934B-B91E81DA575F}.Release|Any CPU.ActiveCfg = Release|Any CPU
		{F202A511-1C7F-49F4-934B-B91E81DA575F}.Release|Any CPU.Build.0 = Release|Any CPU
		{6B4BE90B-1995-407D-B237-7208551D9A89}.Debug|Any CPU.ActiveCfg = Debug|Any CPU
		{6B4BE90B-1995-407D-B237-7208551D9A89}.Debug|Any CPU.Build.0 = Debug|Any CPU
		{6B4BE90B-1995-407D-B237-7208551D9A89}.Release|Any CPU.ActiveCfg = Release|Any CPU
		{6B4BE90B-1995-407D-B237-7208551D9A89}.Release|Any CPU.Build.0 = Release|Any CPU
	EndGlobalSection
	GlobalSection(SolutionProperties) = preSolution
		HideSolutionNode = FALSE
	EndGlobalSection
	GlobalSection(ExtensibilityGlobals) = postSolution
		SolutionGuid = {DACB5529-C86B-4109-9E94-FE929E37A054}
	EndGlobalSection
EndGlobal
